
Microsoft Visual Studio Solution File, Format Version 12.00
# Visual Studio 15
VisualStudioVersion = 15.0.27130.2010
MinimumVisualStudioVersion = 10.0.40219.1
Project("{FAE04EC0-301F-11D3-BF4B-00C04F79EFBC}") = "ListViewModelTest", "ListViewModelTest\ListViewModelTest\ListViewModelTest.csproj", "{07A840F1-3A1D-4EE7-B01F-147BFD5049B7}"
EndProject
Project("{FAE04EC0-301F-11D3-BF4B-00C04F79EFBC}") = "ListViewModelTest.Tizen", "ListViewModelTest\ListViewModelTest.Tizen\ListViewModelTest.Tizen.csproj", "{BA72A6C8-2D64-4915-BCEF-E7D16B333C5E}"
EndProject
Global
	GlobalSection(SolutionConfigurationPlatforms) = preSolution
		Debug|Any CPU = Debug|Any CPU
		Release|Any CPU = Release|Any CPU
	EndGlobalSection
	GlobalSection(ProjectConfigurationPlatforms) = postSolution
		{07A840F1-3A1D-4EE7-B01F-147BFD5049B7}.Debug|Any CPU.ActiveCfg = Debug|Any CPU
		{07A840F1-3A1D-4EE7-B01F-147BFD5049B7}.Debug|Any CPU.Build.0 = Debug|Any CPU
		{07A840F1-3A1D-4EE7-B01F-147BFD5049B7}.Release|Any CPU.ActiveCfg = Release|Any CPU
		{07A840F1-3A1D-4EE7-B01F-147BFD5049B7}.Release|Any CPU.Build.0 = Release|Any CPU
		{BA72A6C8-2D64-4915-BCEF-E7D16B333C5E}.Debug|Any CPU.ActiveCfg = Debug|Any CPU
		{BA72A6C8-2D64-4915-BCEF-E7D16B333C5E}.Debug|Any CPU.Build.0 = Debug|Any CPU
		{BA72A6C8-2D64-4915-BCEF-E7D16B333C5E}.Release|Any CPU.ActiveCfg = Release|Any CPU
		{BA72A6C8-2D64-4915-BCEF-E7D16B333C5E}.Release|Any CPU.Build.0 = Release|Any CPU
	EndGlobalSection
	GlobalSection(SolutionProperties) = preSolution
		HideSolutionNode = FALSE
	EndGlobalSection
	GlobalSection(ExtensibilityGlobals) = postSolution
		SolutionGuid = {5A2802E1-FECD-45A6-9E20-B8BC1B565709}
	EndGlobalSection
EndGlobal
